// !$*UTF8*$!
{
	archiveVersion = 1;
	classes = {
	};
	objectVersion = 50;
	objects = {

/* Begin PBXBuildFile section */
		F2A23D99251E91A000B7120E /* WordClutterStruggleApp.swift in Sources */ = {isa = PBXBuildFile; fileRef = F2A23D98251E91A000B7120E /* WordClutterStruggleApp.swift */; };
		F2A23D9B251E91A000B7120E /* ContentView.swift in Sources */ = {isa = PBXBuildFile; fileRef = F2A23D9A251E91A000B7120E /* ContentView.swift */; };
		F2A23D9D251E91A200B7120E /* Assets.xcassets in Resources */ = {isa = PBXBuildFile; fileRef = F2A23D9C251E91A200B7120E /* Assets.xcassets */; };
		F2A23DA0251E91A200B7120E /* Preview Assets.xcassets in Resources */ = {isa = PBXBuildFile; fileRef = F2A23D9F251E91A200B7120E /* Preview Assets.xcassets */; };
		F2A23DA9251EC5FC00B7120E /* start.txt in Resources */ = {isa = PBXBuildFile; fileRef = F2A23DA8251EC5FC00B7120E /* start.txt */; };
/* End PBXBuildFile section */

/* Begin PBXFileReference section */
		F2A23D95251E91A000B7120E /* WordClutterStruggle.app */ = {isa = PBXFileReference; explicitFileType = wrapper.application; includeInIndex = 0; path = WordClutterStruggle.app; sourceTree = BUILT_PRODUCTS_DIR; };
		F2A23D98251E91A000B7120E /* WordClutterStruggleApp.swift */ = {isa = PBXFileReference; lastKnownFileType = sourcecode.swift; path = WordClutterStruggleApp.swift; sourceTree = "<group>"; };
		F2A23D9A251E91A000B7120E /* ContentView.swift */ = {isa = PBXFileReference; lastKnownFileType = sourcecode.swift; path = ContentView.swift; sourceTree = "<group>"; };
		F2A23D9C251E91A200B7120E /* Assets.xcassets */ = {isa = PBXFileReference; lastKnownFileType = folder.assetcatalog; path = Assets.xcassets; sourceTree = "<group>"; };
		F2A23D9F251E91A200B7120E /* Preview Assets.xcassets */ = {isa = PBXFileReference; lastKnownFileType = folder.assetcatalog; path = "Preview Assets.xcassets"; sourceTree = "<group>"; };
		F2A23DA1251E91A200B7120E /* Info.plist */ = {isa = PBXFileReference; lastKnownFileType = text.plist.xml; path = Info.plist; sourceTree = "<group>"; };
		F2A23DA8251EC5FC00B7120E /* start.txt */ = {isa = PBXFileReference; fileEncoding = 4; lastKnownFileType = text; path = start.txt; sourceTree = "<group>"; };
/* End PBXFileReference section */

/* Begin PBXFrameworksBuildPhase section */
		F2A23D92251E91A000B7120E /* Frameworks */ = {
			isa = PBXFrameworksBuildPhase;
			buildActionMask = 2147483647;
			files = (
			);
			runOnlyForDeploymentPostprocessing = 0;
		};
/* End PBXFrameworksBuildPhase section */

/* Begin PBXGroup section */
		F2A23D8C251E91A000B7120E = {
			isa = PBXGroup;
			children = (
				F2A23D97251E91A000B7120E /* WordClutterStruggle */,
				F2A23D96251E91A000B7120E /* Products */,
			);
			sourceTree = "<group>";
		};
		F2A23D96251E91A000B7120E /* Products */ = {
			isa = PBXGroup;
			children = (
				F2A23D95251E91A000B7120E /* WordClutterStruggle.app */,
			);
			name = Products;
			sourceTree = "<group>";
		};
		F2A23D97251E91A000B7120E /* WordClutterStruggle */ = {
			isa = PBXGroup;
			children = (
				F2A23D98251E91A000B7120E /* WordClutterStruggleApp.swift */,
				F2A23D9A251E91A000B7120E /* ContentView.swift */,
				F2A23D9C251E91A200B7120E /* Assets.xcassets */,
				F2A23DA1251E91A200B7120E /* Info.plist */,
				F2A23DA8251EC5FC00B7120E /* start.txt */,
				F2A23D9E251E91A200B7120E /* Preview Content */,
			);
			path = WordClutterStruggle;
			sourceTree = "<group>";
		};
		F2A23D9E251E91A200B7120E /* Preview Content */ = {
			isa = PBXGroup;
			children = (
				F2A23D9F251E91A200B7120E /* Preview Assets.xcassets */,
			);
			path = "Preview Content";
			sourceTree = "<group>";
		};
/* End PBXGroup section */

/* Begin PBXNativeTarget section */
		F2A23D94251E91A000B7120E /* WordClutterStruggle */ = {
			isa = PBXNativeTarget;
			buildConfigurationList = F2A23DA4251E91A200B7120E /* Build configuration list for PBXNativeTarget "WordClutterStruggle" */;
			buildPhases = (
				F2A23D91251E91A000B7120E /* Sources */,
				F2A23D92251E91A000B7120E /* Frameworks */,
				F2A23D93251E91A000B7120E /* Resources */,
			);
			buildRules = (
			);
			dependencies = (
			);
			name = WordClutterStruggle;
			productName = WordClutterStruggle;
			productReference = F2A23D95251E91A000B7120E /* WordClutterStruggle.app */;
			productType = "com.apple.product-type.application";
		};
/* End PBXNativeTarget section */

/* Begin PBXProject section */
		F2A23D8D251E91A000B7120E /* Project object */ = {
			isa = PBXProject;
			attributes = {
				LastSwiftUpdateCheck = 1200;
				LastUpgradeCheck = 1200;
				TargetAttributes = {
					F2A23D94251E91A000B7120E = {
						CreatedOnToolsVersion = 12.0.1;
					};
				};
			};
			buildConfigurationList = F2A23D90251E91A000B7120E /* Build configuration list for PBXProject "WordClutterStruggle" */;
			compatibilityVersion = "Xcode 9.3";
			developmentRegion = en;
			hasScannedForEncodings = 0;
			knownRegions = (
				en,
				Base,
			);
			mainGroup = F2A23D8C251E91A000B7120E;
			productRefGroup = F2A23D96251E91A000B7120E /* Products */;
			projectDirPath = "";
			projectRoot = "";
			targets = (
				F2A23D94251E91A000B7120E /* WordClutterStruggle */,
			);
		};
/* End PBXProject section */

/* Begin PBXResourcesBuildPhase section */
		F2A23D93251E91A000B7120E /* Resources */ = {
			isa = PBXResourcesBuildPhase;
			buildActionMask = 2147483647;
			files = (
				F2A23DA0251E91A200B7120E /* Preview Assets.xcassets in Resources */,
				F2A23DA9251EC5FC00B7120E /* start.txt in Resources */,
				F2A23D9D251E91A200B7120E /* Assets.xcassets in Resources */,
			);
			runOnlyForDeploymentPostprocessing = 0;
		};
/* End PBXResourcesBuildPhase section */

/* Begin PBXSourcesBuildPhase section */
		F2A23D91251E91A000B7120E /* Sources */ = {
			isa = PBXSourcesBuildPhase;
			buildActionMask = 2147483647;
			files = (
				F2A23D9B251E91A000B7120E /* ContentView.swift in Sources */,
				F2A23D99251E91A000B7120E /* WordClutterStruggleApp.swift in Sources */,
			);
			runOnlyForDeploymentPostprocessing = 0;
		};
/* End PBXSourcesBuildPhase section */

/* Begin XCBuildConfiguration section */
		F2A23DA2251E91A200B7120E /* Debug */ = {
			isa = XCBuildConfiguration;
			buildSettings = {
				ALWAYS_SEARCH_USER_PATHS = NO;
				CLANG_ANALYZER_NONNULL = YES;
				CLANG_ANALYZER_NUMBER_OBJECT_CONVERSION = YES_AGGRESSIVE;
				CLANG_CXX_LANGUAGE_STANDARD = "gnu++14";
				CLANG_CXX_LIBRARY = "libc++";
				CLANG_ENABLE_MODULES = YES;
				CLANG_ENABLE_OBJC_ARC = YES;
				CLANG_ENABLE_OBJC_WEAK = YES;
				CLANG_WARN_BLOCK_CAPTURE_AUTORELEASING = YES;
				CLANG_WARN_BOOL_CONVERSION = YES;
				CLANG_WARN_COMMA = YES;
				CLANG_WARN_CONSTANT_CONVERSION = YES;
				CLANG_WARN_DEPRECATED_OBJC_IMPLEMENTATIONS = YES;
				CLANG_WARN_DIRECT_OBJC_ISA_USAGE = YES_ERROR;
				CLANG_WARN_DOCUMENTATION_COMMENTS = YES;
				CLANG_WARN_EMPTY_BODY = YES;
				CLANG_WARN_ENUM_CONVERSION = YES;
				CLANG_WARN_INFINITE_RECURSION = YES;
				CLANG_WARN_INT_CONVERSION = YES;
				CLANG_WARN_NON_LITERAL_NULL_CONVERSION = YES;
				CLANG_WARN_OBJC_IMPLICIT_RETAIN_SELF = YES;
				CLANG_WARN_OBJC_LITERAL_CONVERSION = YES;
				CLANG_WARN_OBJC_ROOT_CLASS = YES_ERROR;
				CLANG_WARN_QUOTED_INCLUDE_IN_FRAMEWORK_HEADER = YES;
				CLANG_WARN_RANGE_LOOP_ANALYSIS = YES;
				CLANG_WARN_STRICT_PROTOTYPES = YES;
				CLANG_WARN_SUSPICIOUS_MOVE = YES;
				CLANG_WARN_UNGUARDED_AVAILABILITY = YES_AGGRESSIVE;
				CLANG_WARN_UNREACHABLE_CODE = YES;
				CLANG_WARN__DUPLICATE_METHOD_MATCH = YES;
				COPY_PHASE_STRIP = NO;
				DEBUG_INFORMATION_FORMAT = dwarf;
				ENABLE_STRICT_OBJC_MSGSEND = YES;
				ENABLE_TESTABILITY = YES;
				GCC_C_LANGUAGE_STANDARD = gnu11;
				GCC_DYNAMIC_NO_PIC = NO;
				GCC_NO_COMMON_BLOCKS = YES;
				GCC_OPTIMIZATION_LEVEL = 0;
				GCC_PREPROCESSOR_DEFINITIONS = (
					"DEBUG=1",
					"$(inherited)",
				);
				GCC_WARN_64_TO_32_BIT_CONVERSION = YES;
				GCC_WARN_ABOUT_RETURN_TYPE = YES_ERROR;
				GCC_WARN_UNDECLARED_SELECTOR = YES;
				GCC_WARN_UNINITIALIZED_AUTOS = YES_AGGRESSIVE;
				GCC_WARN_UNUSED_FUNCTION = YES;
				GCC_WARN_UNUSED_VARIABLE = YES;
				IPHONEOS_DEPLOYMENT_TARGET = 14.0;
				MTL_ENABLE_DEBUG_INFO = INCLUDE_SOURCE;
				MTL_FAST_MATH = YES;
				ONLY_ACTIVE_ARCH = YES;
				SDKROOT = iphoneos;
				SWIFT_ACTIVE_COMPILATION_CONDITIONS = DEBUG;
				SWIFT_OPTIMIZATION_LEVEL = "-Onone";
			};
			name = Debug;
		};
		F2A23DA3251E91A200B7120E /* Release */ = {
			isa = XCBuildConfiguration;
			buildSettings = {
				ALWAYS_SEARCH_USER_PATHS = NO;
				CLANG_ANALYZER_NONNULL = YES;
				CLANG_ANALYZER_NUMBER_OBJECT_CONVERSION = YES_AGGRESSIVE;
				CLANG_CXX_LANGUAGE_STANDARD = "gnu++14";
				CLANG_CXX_LIBRARY = "libc++";
				CLANG_ENABLE_MODULES = YES;
				CLANG_ENABLE_OBJC_ARC = YES;
				CLANG_ENABLE_OBJC_WEAK = YES;
				CLANG_WARN_BLOCK_CAPTURE_AUTORELEASING = YES;
				CLANG_WARN_BOOL_CONVERSION = YES;
				CLANG_WARN_COMMA = YES;
				CLANG_WARN_CONSTANT_CONVERSION = YES;
				CLANG_WARN_DEPRECATED_OBJC_IMPLEMENTATIONS = YES;
				CLANG_WARN_DIRECT_OBJC_ISA_USAGE = YES_ERROR;
				CLANG_WARN_DOCUMENTATION_COMMENTS = YES;
				CLANG_WARN_EMPTY_BODY = YES;
				CLANG_WARN_ENUM_CONVERSION = YES;
				CLANG_WARN_INFINITE_RECURSION = YES;
				CLANG_WARN_INT_CONVERSION = YES;
				CLANG_WARN_NON_LITERAL_NULL_CONVERSION = YES;
				CLANG_WARN_OBJC_IMPLICIT_RETAIN_SELF = YES;
				CLANG_WARN_OBJC_LITERAL_CONVERSION = YES;
				CLANG_WARN_OBJC_ROOT_CLASS = YES_ERROR;
				CLANG_WARN_QUOTED_INCLUDE_IN_FRAMEWORK_HEADER = YES;
				CLANG_WARN_RANGE_LOOP_ANALYSIS = YES;
				CLANG_WARN_STRICT_PROTOTYPES = YES;
				CLANG_WARN_SUSPICIOUS_MOVE = YES;
				CLANG_WARN_UNGUARDED_AVAILABILITY = YES_AGGRESSIVE;
				CLANG_WARN_UNREACHABLE_CODE = YES;
				CLANG_WARN__DUPLICATE_METHOD_MATCH = YES;
				COPY_PHASE_STRIP = NO;
				DEBUG_INFORMATION_FORMAT = "dwarf-with-dsym";
				ENABLE_NS_ASSERTIONS = NO;
				ENABLE_STRICT_OBJC_MSGSEND = YES;
				GCC_C_LANGUAGE_STANDARD = gnu11;
				GCC_NO_COMMON_BLOCKS = YES;
				GCC_WARN_64_TO_32_BIT_CONVERSION = YES;
				GCC_WARN_ABOUT_RETURN_TYPE = YES_ERROR;
				GCC_WARN_UNDECLARED_SELECTOR = YES;
				GCC_WARN_UNINITIALIZED_AUTOS = YES_AGGRESSIVE;
				GCC_WARN_UNUSED_FUNCTION = YES;
				GCC_WARN_UNUSED_VARIABLE = YES;
				IPHONEOS_DEPLOYMENT_TARGET = 14.0;
				MTL_ENABLE_DEBUG_INFO = NO;
				MTL_FAST_MATH = YES;
				SDKROOT = iphoneos;
				SWIFT_COMPILATION_MODE = wholemodule;
				SWIFT_OPTIMIZATION_LEVEL = "-O";
				VALIDATE_PRODUCT = YES;
			};
			name = Release;
		};
		F2A23DA5251E91A200B7120E /* Debug */ = {
			isa = XCBuildConfiguration;
			buildSettings = {
				ASSETCATALOG_COMPILER_APPICON_NAME = AppIcon;
				ASSETCATALOG_COMPILER_GLOBAL_ACCENT_COLOR_NAME = AccentColor;
				CODE_SIGN_STYLE = Automatic;
				DEVELOPMENT_ASSET_PATHS = "\"WordClutterStruggle/Preview Content\"";
				DEVELOPMENT_TEAM = 9XZH24N38H;
				ENABLE_PREVIEWS = YES;
				INFOPLIST_FILE = WordClutterStruggle/Info.plist;
				IPHONEOS_DEPLOYMENT_TARGET = 14.0;
				LD_RUNPATH_SEARCH_PATHS = (
					"$(inherited)",
					"@executable_path/Frameworks",
				);
				PRODUCT_BUNDLE_IDENTIFIER = com.jsween.WordClutterStruggle;
				PRODUCT_NAME = "$(TARGET_NAME)";
				SWIFT_VERSION = 5.0;
				TARGETED_DEVICE_FAMILY = "1,2";
			};
			name = Debug;
		};
		F2A23DA6251E91A200B7120E /* Release */ = {
			isa = XCBuildConfiguration;
			buildSettings = {
				ASSETCATALOG_COMPILER_APPICON_NAME = AppIcon;
				ASSETCATALOG_COMPILER_GLOBAL_ACCENT_COLOR_NAME = AccentColor;
				CODE_SIGN_STYLE = Automatic;
				DEVELOPMENT_ASSET_PATHS = "\"WordClutterStruggle/Preview Content\"";
				DEVELOPMENT_TEAM = 9XZH24N38H;
				ENABLE_PREVIEWS = YES;
				INFOPLIST_FILE = WordClutterStruggle/Info.plist;
				IPHONEOS_DEPLOYMENT_TARGET = 14.0;
				LD_RUNPATH_SEARCH_PATHS = (
					"$(inherited)",
					"@executable_path/Frameworks",
				);
				PRODUCT_BUNDLE_IDENTIFIER = com.jsween.WordClutterStruggle;
				PRODUCT_NAME = "$(TARGET_NAME)";
				SWIFT_VERSION = 5.0;
				TARGETED_DEVICE_FAMILY = "1,2";
			};
			name = Release;
		};
/* End XCBuildConfiguration section */

/* Begin XCConfigurationList section */
		F2A23D90251E91A000B7120E /* Build configuration list for PBXProject "WordClutterStruggle" */ = {
			isa = XCConfigurationList;
			buildConfigurations = (
				F2A23DA2251E91A200B7120E /* Debug */,
				F2A23DA3251E91A200B7120E /* Release */,
			);
			defaultConfigurationIsVisible = 0;
			defaultConfigurationName = Release;
		};
		F2A23DA4251E91A200B7120E /* Build configuration list for PBXNativeTarget "WordClutterStruggle" */ = {
			isa = XCConfigurationList;
			buildConfigurations = (
				F2A23DA5251E91A200B7120E /* Debug */,
				F2A23DA6251E91A200B7120E /* Release */,
			);
			defaultConfigurationIsVisible = 0;
			defaultConfigurationName = Release;
		};
/* End XCConfigurationList section */
	};
	rootObject = F2A23D8D251E91A000B7120E /* Project object */;
}
